
Microsoft Visual Studio Solution File, Format Version 12.00
# Visual Studio 15
VisualStudioVersion = 15.0.28307.329
MinimumVisualStudioVersion = 10.0.40219.1
Project("{FAE04EC0-301F-11D3-BF4B-00C04F79EFBC}") = "Ejercicio 3 Servidor", "Ejercicio 3 Servidor\Ejercicio 3 Servidor.csproj", "{212A27EE-3D91-4700-B97F-F71609E46423}"
EndProject
Global
	GlobalSection(SolutionConfigurationPlatforms) = preSolution
		Debug|Any CPU = Debug|Any CPU
		Release|Any CPU = Release|Any CPU
	EndGlobalSection
	GlobalSection(ProjectConfigurationPlatforms) = postSolution
		{212A27EE-3D91-4700-B97F-F71609E46423}.Debug|Any CPU.ActiveCfg = Debug|Any CPU
		{212A27EE-3D91-4700-B97F-F71609E46423}.Debug|Any CPU.Build.0 = Debug|Any CPU
		{212A27EE-3D91-4700-B97F-F71609E46423}.Release|Any CPU.ActiveCfg = Release|Any CPU
		{212A27EE-3D91-4700-B97F-F71609E46423}.Release|Any CPU.Build.0 = Release|Any CPU
	EndGlobalSection
	GlobalSection(SolutionProperties) = preSolution
		HideSolutionNode = FALSE
	EndGlobalSection
	GlobalSection(ExtensibilityGlobals) = postSolution
		SolutionGuid = {C0072EB8-8960-4F45-9B96-DF362732D3A5}
	EndGlobalSection
EndGlobal
