
Microsoft Visual Studio Solution File, Format Version 12.00
# Visual Studio 15
VisualStudioVersion = 15.0.28307.329
MinimumVisualStudioVersion = 10.0.40219.1
Project("{FAE04EC0-301F-11D3-BF4B-00C04F79EFBC}") = "PilaAndroid", "PilaAndroid\PilaAndroid.csproj", "{AF339D90-C8DA-46E0-AF06-4469DE6E529F}"
EndProject
Global
	GlobalSection(SolutionConfigurationPlatforms) = preSolution
		Debug|Any CPU = Debug|Any CPU
		Release|Any CPU = Release|Any CPU
	EndGlobalSection
	GlobalSection(ProjectConfigurationPlatforms) = postSolution
		{AF339D90-C8DA-46E0-AF06-4469DE6E529F}.Debug|Any CPU.ActiveCfg = Debug|Any CPU
		{AF339D90-C8DA-46E0-AF06-4469DE6E529F}.Debug|Any CPU.Build.0 = Debug|Any CPU
		{AF339D90-C8DA-46E0-AF06-4469DE6E529F}.Debug|Any CPU.Deploy.0 = Debug|Any CPU
		{AF339D90-C8DA-46E0-AF06-4469DE6E529F}.Release|Any CPU.ActiveCfg = Release|Any CPU
		{AF339D90-C8DA-46E0-AF06-4469DE6E529F}.Release|Any CPU.Build.0 = Release|Any CPU
		{AF339D90-C8DA-46E0-AF06-4469DE6E529F}.Release|Any CPU.Deploy.0 = Release|Any CPU
	EndGlobalSection
	GlobalSection(SolutionProperties) = preSolution
		HideSolutionNode = FALSE
	EndGlobalSection
	GlobalSection(ExtensibilityGlobals) = postSolution
		SolutionGuid = {FCBC92EC-97A9-4D01-94AD-CE545CF911AE}
	EndGlobalSection
EndGlobal
