
Microsoft Visual Studio Solution File, Format Version 12.00
# Visual Studio 15
VisualStudioVersion = 15.0.28307.329
MinimumVisualStudioVersion = 10.0.40219.1
Project("{FAE04EC0-301F-11D3-BF4B-00C04F79EFBC}") = "FactoryPattern", "FactoryPattern\FactoryPattern.csproj", "{48D0751B-B9F1-4C13-8DDE-4E2B0718C330}"
EndProject
Global
	GlobalSection(SolutionConfigurationPlatforms) = preSolution
		Debug|Any CPU = Debug|Any CPU
		Release|Any CPU = Release|Any CPU
	EndGlobalSection
	GlobalSection(ProjectConfigurationPlatforms) = postSolution
		{48D0751B-B9F1-4C13-8DDE-4E2B0718C330}.Debug|Any CPU.ActiveCfg = Debug|Any CPU
		{48D0751B-B9F1-4C13-8DDE-4E2B0718C330}.Debug|Any CPU.Build.0 = Debug|Any CPU
		{48D0751B-B9F1-4C13-8DDE-4E2B0718C330}.Release|Any CPU.ActiveCfg = Release|Any CPU
		{48D0751B-B9F1-4C13-8DDE-4E2B0718C330}.Release|Any CPU.Build.0 = Release|Any CPU
	EndGlobalSection
	GlobalSection(SolutionProperties) = preSolution
		HideSolutionNode = FALSE
	EndGlobalSection
	GlobalSection(ExtensibilityGlobals) = postSolution
		SolutionGuid = {AC20554D-42EE-41E3-8BD6-0E49122C763A}
	EndGlobalSection
EndGlobal
