
Microsoft Visual Studio Solution File, Format Version 12.00
# Visual Studio 15
VisualStudioVersion = 15.0.28307.329
MinimumVisualStudioVersion = 10.0.40219.1
Project("{FAE04EC0-301F-11D3-BF4B-00C04F79EFBC}") = "busqeuda vector", "busqeuda vector\busqeuda vector.csproj", "{DC6B53FF-6BEC-43A3-BF19-72EB11B0AA1F}"
EndProject
Global
	GlobalSection(SolutionConfigurationPlatforms) = preSolution
		Debug|Any CPU = Debug|Any CPU
		Release|Any CPU = Release|Any CPU
	EndGlobalSection
	GlobalSection(ProjectConfigurationPlatforms) = postSolution
		{DC6B53FF-6BEC-43A3-BF19-72EB11B0AA1F}.Debug|Any CPU.ActiveCfg = Debug|Any CPU
		{DC6B53FF-6BEC-43A3-BF19-72EB11B0AA1F}.Debug|Any CPU.Build.0 = Debug|Any CPU
		{DC6B53FF-6BEC-43A3-BF19-72EB11B0AA1F}.Release|Any CPU.ActiveCfg = Release|Any CPU
		{DC6B53FF-6BEC-43A3-BF19-72EB11B0AA1F}.Release|Any CPU.Build.0 = Release|Any CPU
	EndGlobalSection
	GlobalSection(SolutionProperties) = preSolution
		HideSolutionNode = FALSE
	EndGlobalSection
	GlobalSection(ExtensibilityGlobals) = postSolution
		SolutionGuid = {B9062E0B-CAC0-49A4-8284-9A6A03EBDB74}
	EndGlobalSection
EndGlobal
