
Microsoft Visual Studio Solution File, Format Version 12.00
# Visual Studio 15
VisualStudioVersion = 15.0.28307.329
MinimumVisualStudioVersion = 10.0.40219.1
Project("{FAE04EC0-301F-11D3-BF4B-00C04F79EFBC}") = "Android Ahorcado", "Android Ahorcado\Android Ahorcado.csproj", "{A47EE727-46C5-4E91-9233-66EE58041B93}"
EndProject
Global
	GlobalSection(SolutionConfigurationPlatforms) = preSolution
		Debug|Any CPU = Debug|Any CPU
		Release|Any CPU = Release|Any CPU
	EndGlobalSection
	GlobalSection(ProjectConfigurationPlatforms) = postSolution
		{A47EE727-46C5-4E91-9233-66EE58041B93}.Debug|Any CPU.ActiveCfg = Debug|Any CPU
		{A47EE727-46C5-4E91-9233-66EE58041B93}.Debug|Any CPU.Build.0 = Debug|Any CPU
		{A47EE727-46C5-4E91-9233-66EE58041B93}.Debug|Any CPU.Deploy.0 = Debug|Any CPU
		{A47EE727-46C5-4E91-9233-66EE58041B93}.Release|Any CPU.ActiveCfg = Release|Any CPU
		{A47EE727-46C5-4E91-9233-66EE58041B93}.Release|Any CPU.Build.0 = Release|Any CPU
		{A47EE727-46C5-4E91-9233-66EE58041B93}.Release|Any CPU.Deploy.0 = Release|Any CPU
	EndGlobalSection
	GlobalSection(SolutionProperties) = preSolution
		HideSolutionNode = FALSE
	EndGlobalSection
	GlobalSection(ExtensibilityGlobals) = postSolution
		SolutionGuid = {C801F083-2448-4FA9-82F6-2432F51B57B9}
	EndGlobalSection
EndGlobal
