
Microsoft Visual Studio Solution File, Format Version 12.00
# Visual Studio 15
VisualStudioVersion = 15.0.28307.329
MinimumVisualStudioVersion = 10.0.40219.1
Project("{FAE04EC0-301F-11D3-BF4B-00C04F79EFBC}") = "Calculadora Xamarin", "Calculadora Xamarin\Calculadora Xamarin.csproj", "{EA047A82-C07A-4264-AD4F-C76881FD6157}"
EndProject
Global
	GlobalSection(SolutionConfigurationPlatforms) = preSolution
		Debug|Any CPU = Debug|Any CPU
		Release|Any CPU = Release|Any CPU
	EndGlobalSection
	GlobalSection(ProjectConfigurationPlatforms) = postSolution
		{EA047A82-C07A-4264-AD4F-C76881FD6157}.Debug|Any CPU.ActiveCfg = Debug|Any CPU
		{EA047A82-C07A-4264-AD4F-C76881FD6157}.Debug|Any CPU.Build.0 = Debug|Any CPU
		{EA047A82-C07A-4264-AD4F-C76881FD6157}.Release|Any CPU.ActiveCfg = Release|Any CPU
		{EA047A82-C07A-4264-AD4F-C76881FD6157}.Release|Any CPU.Build.0 = Release|Any CPU
	EndGlobalSection
	GlobalSection(SolutionProperties) = preSolution
		HideSolutionNode = FALSE
	EndGlobalSection
	GlobalSection(ExtensibilityGlobals) = postSolution
		SolutionGuid = {A57B68DB-4B7C-4932-93F3-69709CFD016A}
	EndGlobalSection
EndGlobal
