
Microsoft Visual Studio Solution File, Format Version 12.00
# Visual Studio 15
VisualStudioVersion = 15.0.28307.329
MinimumVisualStudioVersion = 10.0.40219.1
Project("{FAE04EC0-301F-11D3-BF4B-00C04F79EFBC}") = "serie fibonaci", "serie fibonaci\serie fibonaci.csproj", "{9F3F059E-BC8B-48FC-96D5-B422AB517D0B}"
EndProject
Global
	GlobalSection(SolutionConfigurationPlatforms) = preSolution
		Debug|Any CPU = Debug|Any CPU
		Release|Any CPU = Release|Any CPU
	EndGlobalSection
	GlobalSection(ProjectConfigurationPlatforms) = postSolution
		{9F3F059E-BC8B-48FC-96D5-B422AB517D0B}.Debug|Any CPU.ActiveCfg = Debug|Any CPU
		{9F3F059E-BC8B-48FC-96D5-B422AB517D0B}.Debug|Any CPU.Build.0 = Debug|Any CPU
		{9F3F059E-BC8B-48FC-96D5-B422AB517D0B}.Release|Any CPU.ActiveCfg = Release|Any CPU
		{9F3F059E-BC8B-48FC-96D5-B422AB517D0B}.Release|Any CPU.Build.0 = Release|Any CPU
	EndGlobalSection
	GlobalSection(SolutionProperties) = preSolution
		HideSolutionNode = FALSE
	EndGlobalSection
	GlobalSection(ExtensibilityGlobals) = postSolution
		SolutionGuid = {24A95B80-8CC1-49BD-BBB3-F39CD60E44DB}
	EndGlobalSection
EndGlobal
